<Solution>
  <Project Path="RestaurantSystem.Api/RestaurantSystem.Api.csproj" />
  <Project Path="RestaurantSystem.Application/RestaurantSystem.Application.csproj" />
  <Project Path="RestaurantSystem.Domain/RestaurantSystem.Domain.csproj" />
  <Project Path="RestaurantSystem.Infrastructure/RestaurantSystem.Infrastructure.csproj" />
</Solution>
